
Microsoft Visual Studio Solution File, Format Version 12.00
Project("{FAE04EC0-301F-11D3-BF4B-00C04F79EFBC}") = "WebApplication", "WebApplication\WebApplication.csproj", "{E180B064-29C8-4816-8E3D-CA21B60DCE4A}"
EndProject
Global
	GlobalSection(SolutionConfigurationPlatforms) = preSolution
		Debug|Any CPU = Debug|Any CPU
		Release|Any CPU = Release|Any CPU
	EndGlobalSection
	GlobalSection(ProjectConfigurationPlatforms) = postSolution
		{E180B064-29C8-4816-8E3D-CA21B60DCE4A}.Debug|Any CPU.ActiveCfg = Debug|Any CPU
		{E180B064-29C8-4816-8E3D-CA21B60DCE4A}.Debug|Any CPU.Build.0 = Debug|Any CPU
		{E180B064-29C8-4816-8E3D-CA21B60DCE4A}.Release|Any CPU.ActiveCfg = Release|Any CPU
		{E180B064-29C8-4816-8E3D-CA21B60DCE4A}.Release|Any CPU.Build.0 = Release|Any CPU
	EndGlobalSection
EndGlobal
